// !$*UTF8*$!
{
	archiveVersion = 1;
	classes = {
	};
	objectVersion = 56;
	objects = {

/* Begin PBXBuildFile section */
		64D2890D29A21FFA00D02B90 /* BluetoothDevices.swift in Sources */ = {isa = PBXBuildFile; fileRef = 64D2890C29A21FFA00D02B90 /* BluetoothDevices.swift */; };
		64D4A81F29A122D300423123 /* AppDelegate.swift in Sources */ = {isa = PBXBuildFile; fileRef = 64D4A81E29A122D300423123 /* AppDelegate.swift */; };
		64D4A82329A122D400423123 /* Assets.xcassets in Resources */ = {isa = PBXBuildFile; fileRef = 64D4A82229A122D400423123 /* Assets.xcassets */; };
		64D4A82629A122D400423123 /* Main.storyboard in Resources */ = {isa = PBXBuildFile; fileRef = 64D4A82429A122D400423123 /* Main.storyboard */; };
		64D4A82E29A1240700423123 /* ScreenLock.swift in Sources */ = {isa = PBXBuildFile; fileRef = 64D4A82D29A1240700423123 /* ScreenLock.swift */; };
		64D4A83029A1293D00423123 /* Info.plist in Resources */ = {isa = PBXBuildFile; fileRef = 64D4A82F29A1293D00423123 /* Info.plist */; };
		64D4A83429A12B5600423123 /* MainViewController.swift in Sources */ = {isa = PBXBuildFile; fileRef = 64D4A83329A12B5600423123 /* MainViewController.swift */; };
		64D4A83829A132FC00423123 /* MainViewControllerExtension.swift in Sources */ = {isa = PBXBuildFile; fileRef = 64D4A83729A132FC00423123 /* MainViewControllerExtension.swift */; };
/* End PBXBuildFile section */

/* Begin PBXFileReference section */
		64D2890C29A21FFA00D02B90 /* BluetoothDevices.swift */ = {isa = PBXFileReference; lastKnownFileType = sourcecode.swift; path = BluetoothDevices.swift; sourceTree = "<group>"; };
		64D4A81B29A122D300423123 /* MacBluetoothLock.app */ = {isa = PBXFileReference; explicitFileType = wrapper.application; includeInIndex = 0; path = MacBluetoothLock.app; sourceTree = BUILT_PRODUCTS_DIR; };
		64D4A81E29A122D300423123 /* AppDelegate.swift */ = {isa = PBXFileReference; lastKnownFileType = sourcecode.swift; path = AppDelegate.swift; sourceTree = "<group>"; };
		64D4A82229A122D400423123 /* Assets.xcassets */ = {isa = PBXFileReference; lastKnownFileType = folder.assetcatalog; path = Assets.xcassets; sourceTree = "<group>"; };
		64D4A82529A122D400423123 /* Base */ = {isa = PBXFileReference; lastKnownFileType = file.storyboard; name = Base; path = Base.lproj/Main.storyboard; sourceTree = "<group>"; };
		64D4A82729A122D400423123 /* MacBluetoothLock.entitlements */ = {isa = PBXFileReference; lastKnownFileType = text.plist.entitlements; path = MacBluetoothLock.entitlements; sourceTree = "<group>"; };
		64D4A82D29A1240700423123 /* ScreenLock.swift */ = {isa = PBXFileReference; lastKnownFileType = sourcecode.swift; path = ScreenLock.swift; sourceTree = "<group>"; };
		64D4A82F29A1293D00423123 /* Info.plist */ = {isa = PBXFileReference; lastKnownFileType = text.plist.xml; path = Info.plist; sourceTree = "<group>"; };
		64D4A83329A12B5600423123 /* MainViewController.swift */ = {isa = PBXFileReference; lastKnownFileType = sourcecode.swift; path = MainViewController.swift; sourceTree = "<group>"; };
		64D4A83729A132FC00423123 /* MainViewControllerExtension.swift */ = {isa = PBXFileReference; lastKnownFileType = sourcecode.swift; path = MainViewControllerExtension.swift; sourceTree = "<group>"; };
/* End PBXFileReference section */

/* Begin PBXFrameworksBuildPhase section */
		64D4A81829A122D300423123 /* Frameworks */ = {
			isa = PBXFrameworksBuildPhase;
			buildActionMask = 2147483647;
			files = (
			);
			runOnlyForDeploymentPostprocessing = 0;
		};
/* End PBXFrameworksBuildPhase section */

/* Begin PBXGroup section */
		64D4A81229A122D300423123 = {
			isa = PBXGroup;
			children = (
				64D4A81D29A122D300423123 /* MacBluetoothLock */,
				64D4A81C29A122D300423123 /* Products */,
			);
			sourceTree = "<group>";
		};
		64D4A81C29A122D300423123 /* Products */ = {
			isa = PBXGroup;
			children = (
				64D4A81B29A122D300423123 /* MacBluetoothLock.app */,
			);
			name = Products;
			sourceTree = "<group>";
		};
		64D4A81D29A122D300423123 /* MacBluetoothLock */ = {
			isa = PBXGroup;
			children = (
				64D4A81E29A122D300423123 /* AppDelegate.swift */,
				64D4A82229A122D400423123 /* Assets.xcassets */,
				64D4A82429A122D400423123 /* Main.storyboard */,
				64D4A82729A122D400423123 /* MacBluetoothLock.entitlements */,
				64D4A82D29A1240700423123 /* ScreenLock.swift */,
				64D4A83329A12B5600423123 /* MainViewController.swift */,
				64D4A83729A132FC00423123 /* MainViewControllerExtension.swift */,
				64D4A82F29A1293D00423123 /* Info.plist */,
				64D2890C29A21FFA00D02B90 /* BluetoothDevices.swift */,
			);
			path = MacBluetoothLock;
			sourceTree = "<group>";
		};
/* End PBXGroup section */

/* Begin PBXNativeTarget section */
		64D4A81A29A122D300423123 /* MacBluetoothLock */ = {
			isa = PBXNativeTarget;
			buildConfigurationList = 64D4A82A29A122D400423123 /* Build configuration list for PBXNativeTarget "MacBluetoothLock" */;
			buildPhases = (
				64D4A81729A122D300423123 /* Sources */,
				64D4A81829A122D300423123 /* Frameworks */,
				64D4A81929A122D300423123 /* Resources */,
			);
			buildRules = (
			);
			dependencies = (
			);
			name = MacBluetoothLock;
			productName = MacBluetoothLock;
			productReference = 64D4A81B29A122D300423123 /* MacBluetoothLock.app */;
			productType = "com.apple.product-type.application";
		};
/* End PBXNativeTarget section */

/* Begin PBXProject section */
		64D4A81329A122D300423123 /* Project object */ = {
			isa = PBXProject;
			attributes = {
				BuildIndependentTargetsInParallel = 1;
				LastSwiftUpdateCheck = 1420;
				LastUpgradeCheck = 1420;
				TargetAttributes = {
					64D4A81A29A122D300423123 = {
						CreatedOnToolsVersion = 14.2;
					};
				};
			};
			buildConfigurationList = 64D4A81629A122D300423123 /* Build configuration list for PBXProject "MacBluetoothLock" */;
			compatibilityVersion = "Xcode 14.0";
			developmentRegion = en;
			hasScannedForEncodings = 0;
			knownRegions = (
				en,
				Base,
			);
			mainGroup = 64D4A81229A122D300423123;
			productRefGroup = 64D4A81C29A122D300423123 /* Products */;
			projectDirPath = "";
			projectRoot = "";
			targets = (
				64D4A81A29A122D300423123 /* MacBluetoothLock */,
			);
		};
/* End PBXProject section */

/* Begin PBXResourcesBuildPhase section */
		64D4A81929A122D300423123 /* Resources */ = {
			isa = PBXResourcesBuildPhase;
			buildActionMask = 2147483647;
			files = (
				64D4A82329A122D400423123 /* Assets.xcassets in Resources */,
				64D4A82629A122D400423123 /* Main.storyboard in Resources */,
				64D4A83029A1293D00423123 /* Info.plist in Resources */,
			);
			runOnlyForDeploymentPostprocessing = 0;
		};
/* End PBXResourcesBuildPhase section */

/* Begin PBXSourcesBuildPhase section */
		64D4A81729A122D300423123 /* Sources */ = {
			isa = PBXSourcesBuildPhase;
			buildActionMask = 2147483647;
			files = (
				64D4A83429A12B5600423123 /* MainViewController.swift in Sources */,
				64D4A81F29A122D300423123 /* AppDelegate.swift in Sources */,
				64D2890D29A21FFA00D02B90 /* BluetoothDevices.swift in Sources */,
				64D4A82E29A1240700423123 /* ScreenLock.swift in Sources */,
				64D4A83829A132FC00423123 /* MainViewControllerExtension.swift in Sources */,
			);
			runOnlyForDeploymentPostprocessing = 0;
		};
/* End PBXSourcesBuildPhase section */

/* Begin PBXVariantGroup section */
		64D4A82429A122D400423123 /* Main.storyboard */ = {
			isa = PBXVariantGroup;
			children = (
				64D4A82529A122D400423123 /* Base */,
			);
			name = Main.storyboard;
			sourceTree = "<group>";
		};
/* End PBXVariantGroup section */

/* Begin XCBuildConfiguration section */
		64D4A82829A122D400423123 /* Debug */ = {
			isa = XCBuildConfiguration;
			buildSettings = {
				ALWAYS_SEARCH_USER_PATHS = NO;
				CLANG_ANALYZER_NONNULL = YES;
				CLANG_ANALYZER_NUMBER_OBJECT_CONVERSION = YES_AGGRESSIVE;
				CLANG_CXX_LANGUAGE_STANDARD = "gnu++20";
				CLANG_ENABLE_MODULES = YES;
				CLANG_ENABLE_OBJC_ARC = YES;
				CLANG_ENABLE_OBJC_WEAK = YES;
				CLANG_WARN_BLOCK_CAPTURE_AUTORELEASING = YES;
				CLANG_WARN_BOOL_CONVERSION = YES;
				CLANG_WARN_COMMA = YES;
				CLANG_WARN_CONSTANT_CONVERSION = YES;
				CLANG_WARN_DEPRECATED_OBJC_IMPLEMENTATIONS = YES;
				CLANG_WARN_DIRECT_OBJC_ISA_USAGE = YES_ERROR;
				CLANG_WARN_DOCUMENTATION_COMMENTS = YES;
				CLANG_WARN_EMPTY_BODY = YES;
				CLANG_WARN_ENUM_CONVERSION = YES;
				CLANG_WARN_INFINITE_RECURSION = YES;
				CLANG_WARN_INT_CONVERSION = YES;
				CLANG_WARN_NON_LITERAL_NULL_CONVERSION = YES;
				CLANG_WARN_OBJC_IMPLICIT_RETAIN_SELF = YES;
				CLANG_WARN_OBJC_LITERAL_CONVERSION = YES;
				CLANG_WARN_OBJC_ROOT_CLASS = YES_ERROR;
				CLANG_WARN_QUOTED_INCLUDE_IN_FRAMEWORK_HEADER = YES;
				CLANG_WARN_RANGE_LOOP_ANALYSIS = YES;
				CLANG_WARN_STRICT_PROTOTYPES = YES;
				CLANG_WARN_SUSPICIOUS_MOVE = YES;
				CLANG_WARN_UNGUARDED_AVAILABILITY = YES_AGGRESSIVE;
				CLANG_WARN_UNREACHABLE_CODE = YES;
				CLANG_WARN__DUPLICATE_METHOD_MATCH = YES;
				COPY_PHASE_STRIP = NO;
				DEBUG_INFORMATION_FORMAT = dwarf;
				ENABLE_STRICT_OBJC_MSGSEND = YES;
				ENABLE_TESTABILITY = YES;
				GCC_C_LANGUAGE_STANDARD = gnu11;
				GCC_DYNAMIC_NO_PIC = NO;
				GCC_NO_COMMON_BLOCKS = YES;
				GCC_OPTIMIZATION_LEVEL = 0;
				GCC_PREPROCESSOR_DEFINITIONS = (
					"DEBUG=1",
					"$(inherited)",
				);
				GCC_WARN_64_TO_32_BIT_CONVERSION = YES;
				GCC_WARN_ABOUT_RETURN_TYPE = YES_ERROR;
				GCC_WARN_UNDECLARED_SELECTOR = YES;
				GCC_WARN_UNINITIALIZED_AUTOS = YES_AGGRESSIVE;
				GCC_WARN_UNUSED_FUNCTION = YES;
				GCC_WARN_UNUSED_VARIABLE = YES;
				MACOSX_DEPLOYMENT_TARGET = 12.0;
				MTL_ENABLE_DEBUG_INFO = INCLUDE_SOURCE;
				MTL_FAST_MATH = YES;
				ONLY_ACTIVE_ARCH = YES;
				SDKROOT = macosx;
				SWIFT_ACTIVE_COMPILATION_CONDITIONS = DEBUG;
				SWIFT_OPTIMIZATION_LEVEL = "-Onone";
			};
			name = Debug;
		};
		64D4A82929A122D400423123 /* Release */ = {
			isa = XCBuildConfiguration;
			buildSettings = {
				ALWAYS_SEARCH_USER_PATHS = NO;
				CLANG_ANALYZER_NONNULL = YES;
				CLANG_ANALYZER_NUMBER_OBJECT_CONVERSION = YES_AGGRESSIVE;
				CLANG_CXX_LANGUAGE_STANDARD = "gnu++20";
				CLANG_ENABLE_MODULES = YES;
				CLANG_ENABLE_OBJC_ARC = YES;
				CLANG_ENABLE_OBJC_WEAK = YES;
				CLANG_WARN_BLOCK_CAPTURE_AUTORELEASING = YES;
				CLANG_WARN_BOOL_CONVERSION = YES;
				CLANG_WARN_COMMA = YES;
				CLANG_WARN_CONSTANT_CONVERSION = YES;
				CLANG_WARN_DEPRECATED_OBJC_IMPLEMENTATIONS = YES;
				CLANG_WARN_DIRECT_OBJC_ISA_USAGE = YES_ERROR;
				CLANG_WARN_DOCUMENTATION_COMMENTS = YES;
				CLANG_WARN_EMPTY_BODY = YES;
				CLANG_WARN_ENUM_CONVERSION = YES;
				CLANG_WARN_INFINITE_RECURSION = YES;
				CLANG_WARN_INT_CONVERSION = YES;
				CLANG_WARN_NON_LITERAL_NULL_CONVERSION = YES;
				CLANG_WARN_OBJC_IMPLICIT_RETAIN_SELF = YES;
				CLANG_WARN_OBJC_LITERAL_CONVERSION = YES;
				CLANG_WARN_OBJC_ROOT_CLASS = YES_ERROR;
				CLANG_WARN_QUOTED_INCLUDE_IN_FRAMEWORK_HEADER = YES;
				CLANG_WARN_RANGE_LOOP_ANALYSIS = YES;
				CLANG_WARN_STRICT_PROTOTYPES = YES;
				CLANG_WARN_SUSPICIOUS_MOVE = YES;
				CLANG_WARN_UNGUARDED_AVAILABILITY = YES_AGGRESSIVE;
				CLANG_WARN_UNREACHABLE_CODE = YES;
				CLANG_WARN__DUPLICATE_METHOD_MATCH = YES;
				COPY_PHASE_STRIP = NO;
				DEBUG_INFORMATION_FORMAT = "dwarf-with-dsym";
				ENABLE_NS_ASSERTIONS = NO;
				ENABLE_STRICT_OBJC_MSGSEND = YES;
				GCC_C_LANGUAGE_STANDARD = gnu11;
				GCC_NO_COMMON_BLOCKS = YES;
				GCC_WARN_64_TO_32_BIT_CONVERSION = YES;
				GCC_WARN_ABOUT_RETURN_TYPE = YES_ERROR;
				GCC_WARN_UNDECLARED_SELECTOR = YES;
				GCC_WARN_UNINITIALIZED_AUTOS = YES_AGGRESSIVE;
				GCC_WARN_UNUSED_FUNCTION = YES;
				GCC_WARN_UNUSED_VARIABLE = YES;
				MACOSX_DEPLOYMENT_TARGET = 12.0;
				MTL_ENABLE_DEBUG_INFO = NO;
				MTL_FAST_MATH = YES;
				SDKROOT = macosx;
				SWIFT_COMPILATION_MODE = wholemodule;
				SWIFT_OPTIMIZATION_LEVEL = "-O";
			};
			name = Release;
		};
		64D4A82B29A122D400423123 /* Debug */ = {
			isa = XCBuildConfiguration;
			buildSettings = {
				ASSETCATALOG_COMPILER_APPICON_NAME = AppIcon;
				ASSETCATALOG_COMPILER_GLOBAL_ACCENT_COLOR_NAME = AccentColor;
				CODE_SIGN_ENTITLEMENTS = MacBluetoothLock/MacBluetoothLock.entitlements;
				CODE_SIGN_STYLE = Automatic;
				COMBINE_HIDPI_IMAGES = YES;
				CURRENT_PROJECT_VERSION = 1;
				DEVELOPMENT_TEAM = RMCMJSS2J3;
				ENABLE_HARDENED_RUNTIME = YES;
				GENERATE_INFOPLIST_FILE = YES;
				"INFOPLIST_FILE[sdk=*]" = MacBluetoothLock/Info.plist;
				INFOPLIST_KEY_NSHumanReadableCopyright = "";
				INFOPLIST_KEY_NSMainStoryboardFile = Main;
				INFOPLIST_KEY_NSPrincipalClass = NSApplication;
				LD_RUNPATH_SEARCH_PATHS = (
					"$(inherited)",
					"@executable_path/../Frameworks",
				);
				MARKETING_VERSION = 1.0;
				PRODUCT_BUNDLE_IDENTIFIER = com.peardev.MacBluetoothLock;
				PRODUCT_NAME = "$(TARGET_NAME)";
				SWIFT_EMIT_LOC_STRINGS = YES;
				SWIFT_VERSION = 5.0;
			};
			name = Debug;
		};
		64D4A82C29A122D400423123 /* Release */ = {
			isa = XCBuildConfiguration;
			buildSettings = {
				ASSETCATALOG_COMPILER_APPICON_NAME = AppIcon;
				ASSETCATALOG_COMPILER_GLOBAL_ACCENT_COLOR_NAME = AccentColor;
				CODE_SIGN_ENTITLEMENTS = MacBluetoothLock/MacBluetoothLock.entitlements;
				CODE_SIGN_STYLE = Automatic;
				COMBINE_HIDPI_IMAGES = YES;
				CURRENT_PROJECT_VERSION = 1;
				DEVELOPMENT_TEAM = RMCMJSS2J3;
				ENABLE_HARDENED_RUNTIME = YES;
				GENERATE_INFOPLIST_FILE = YES;
				"INFOPLIST_FILE[sdk=*]" = MacBluetoothLock/Info.plist;
				INFOPLIST_KEY_NSHumanReadableCopyright = "";
				INFOPLIST_KEY_NSMainStoryboardFile = Main;
				INFOPLIST_KEY_NSPrincipalClass = NSApplication;
				LD_RUNPATH_SEARCH_PATHS = (
					"$(inherited)",
					"@executable_path/../Frameworks",
				);
				MARKETING_VERSION = 1.0;
				PRODUCT_BUNDLE_IDENTIFIER = com.peardev.MacBluetoothLock;
				PRODUCT_NAME = "$(TARGET_NAME)";
				SWIFT_EMIT_LOC_STRINGS = YES;
				SWIFT_VERSION = 5.0;
			};
			name = Release;
		};
/* End XCBuildConfiguration section */

/* Begin XCConfigurationList section */
		64D4A81629A122D300423123 /* Build configuration list for PBXProject "MacBluetoothLock" */ = {
			isa = XCConfigurationList;
			buildConfigurations = (
				64D4A82829A122D400423123 /* Debug */,
				64D4A82929A122D400423123 /* Release */,
			);
			defaultConfigurationIsVisible = 0;
			defaultConfigurationName = Release;
		};
		64D4A82A29A122D400423123 /* Build configuration list for PBXNativeTarget "MacBluetoothLock" */ = {
			isa = XCConfigurationList;
			buildConfigurations = (
				64D4A82B29A122D400423123 /* Debug */,
				64D4A82C29A122D400423123 /* Release */,
			);
			defaultConfigurationIsVisible = 0;
			defaultConfigurationName = Release;
		};
/* End XCConfigurationList section */
	};
	rootObject = 64D4A81329A122D300423123 /* Project object */;
}
